// !$*UTF8*$!
{
	archiveVersion = 1;
	classes = {
	};
	objectVersion = 50;
	objects = {

/* Begin PBXBuildFile section */
		38A9BD2C22701B0B00C6E249 /* linux_rawname.c in Sources */ = {isa = PBXBuildFile; fileRef = 38A9BD2722701B0B00C6E249 /* linux_rawname.c */; };
		38A9BD2E22701B0B00C6E249 /* macos_rawname.c in Sources */ = {isa = PBXBuildFile; fileRef = 38A9BD2922701B0B00C6E249 /* macos_rawname.c */; };
		38A9BD36227026E500C6E249 /* macos_name.c in Sources */ = {isa = PBXBuildFile; fileRef = 38A9BD30227026E400C6E249 /* macos_name.c */; };
		38A9BD37227026E500C6E249 /* macos_fromhid.c in Sources */ = {isa = PBXBuildFile; fileRef = 38A9BD31227026E400C6E249 /* macos_fromhid.c */; };
		38A9BD38227026E500C6E249 /* macos_tohid.c in Sources */ = {isa = PBXBuildFile; fileRef = 38A9BD32227026E400C6E249 /* macos_tohid.c */; };
		38A9BD39227026E500C6E249 /* linux_name.c in Sources */ = {isa = PBXBuildFile; fileRef = 38A9BD33227026E400C6E249 /* linux_name.c */; };
		38A9BD3A227026E500C6E249 /* linux_fromhid.c in Sources */ = {isa = PBXBuildFile; fileRef = 38A9BD34227026E400C6E249 /* linux_fromhid.c */; };
		38A9BD3B227026E500C6E249 /* linux_tohid.c in Sources */ = {isa = PBXBuildFile; fileRef = 38A9BD35227026E500C6E249 /* linux_tohid.c */; };
		38F48EBE226BE3D400C08AE9 /* Main.storyboard in Resources */ = {isa = PBXBuildFile; fileRef = 38F48EBC226BE3D400C08AE9 /* Main.storyboard */; };
		38F48EC1226BE3D400C08AE9 /* main.m in Sources */ = {isa = PBXBuildFile; fileRef = 38F48EC0226BE3D400C08AE9 /* main.m */; };
		38F742ED2270339B0010A8C9 /* keycode_id.c in Sources */ = {isa = PBXBuildFile; fileRef = 38F742EC2270339B0010A8C9 /* keycode_id.c */; };
		38F742EF227034490010A8C9 /* macos_modifier.c in Sources */ = {isa = PBXBuildFile; fileRef = 38F742EE227034490010A8C9 /* macos_modifier.c */; };
/* End PBXBuildFile section */

/* Begin PBXFileReference section */
		38A9BD2722701B0B00C6E249 /* linux_rawname.c */ = {isa = PBXFileReference; fileEncoding = 4; lastKnownFileType = sourcecode.c.c; path = linux_rawname.c; sourceTree = "<group>"; };
		38A9BD2922701B0B00C6E249 /* macos_rawname.c */ = {isa = PBXFileReference; fileEncoding = 4; lastKnownFileType = sourcecode.c.c; path = macos_rawname.c; sourceTree = "<group>"; };
		38A9BD2B22701B0B00C6E249 /* keytable.h */ = {isa = PBXFileReference; fileEncoding = 4; lastKnownFileType = sourcecode.c.h; path = keytable.h; sourceTree = "<group>"; };
		38A9BD30227026E400C6E249 /* macos_name.c */ = {isa = PBXFileReference; fileEncoding = 4; lastKnownFileType = sourcecode.c.c; path = macos_name.c; sourceTree = "<group>"; };
		38A9BD31227026E400C6E249 /* macos_fromhid.c */ = {isa = PBXFileReference; fileEncoding = 4; lastKnownFileType = sourcecode.c.c; path = macos_fromhid.c; sourceTree = "<group>"; };
		38A9BD32227026E400C6E249 /* macos_tohid.c */ = {isa = PBXFileReference; fileEncoding = 4; lastKnownFileType = sourcecode.c.c; path = macos_tohid.c; sourceTree = "<group>"; };
		38A9BD33227026E400C6E249 /* linux_name.c */ = {isa = PBXFileReference; fileEncoding = 4; lastKnownFileType = sourcecode.c.c; path = linux_name.c; sourceTree = "<group>"; };
		38A9BD34227026E400C6E249 /* linux_fromhid.c */ = {isa = PBXFileReference; fileEncoding = 4; lastKnownFileType = sourcecode.c.c; path = linux_fromhid.c; sourceTree = "<group>"; };
		38A9BD35227026E500C6E249 /* linux_tohid.c */ = {isa = PBXFileReference; fileEncoding = 4; lastKnownFileType = sourcecode.c.c; path = linux_tohid.c; sourceTree = "<group>"; };
		38F48EB1226BE3D200C08AE9 /* CocoaTest.app */ = {isa = PBXFileReference; explicitFileType = wrapper.application; includeInIndex = 0; path = CocoaTest.app; sourceTree = BUILT_PRODUCTS_DIR; };
		38F48EBD226BE3D400C08AE9 /* Base */ = {isa = PBXFileReference; lastKnownFileType = file.storyboard; name = Base; path = Base.lproj/Main.storyboard; sourceTree = "<group>"; };
		38F48EBF226BE3D400C08AE9 /* Info.plist */ = {isa = PBXFileReference; lastKnownFileType = text.plist.xml; path = Info.plist; sourceTree = "<group>"; };
		38F48EC0226BE3D400C08AE9 /* main.m */ = {isa = PBXFileReference; lastKnownFileType = sourcecode.c.objc; path = main.m; sourceTree = "<group>"; };
		38F48EC2226BE3D400C08AE9 /* CocoaTest.entitlements */ = {isa = PBXFileReference; lastKnownFileType = text.plist.entitlements; path = CocoaTest.entitlements; sourceTree = "<group>"; };
		38F742EB2270339B0010A8C9 /* keycode.h */ = {isa = PBXFileReference; fileEncoding = 4; lastKnownFileType = sourcecode.c.h; path = keycode.h; sourceTree = "<group>"; };
		38F742EC2270339B0010A8C9 /* keycode_id.c */ = {isa = PBXFileReference; fileEncoding = 4; lastKnownFileType = sourcecode.c.c; path = keycode_id.c; sourceTree = "<group>"; };
		38F742EE227034490010A8C9 /* macos_modifier.c */ = {isa = PBXFileReference; fileEncoding = 4; lastKnownFileType = sourcecode.c.c; path = macos_modifier.c; sourceTree = "<group>"; };
/* End PBXFileReference section */

/* Begin PBXFrameworksBuildPhase section */
		38F48EAE226BE3D200C08AE9 /* Frameworks */ = {
			isa = PBXFrameworksBuildPhase;
			buildActionMask = 2147483647;
			files = (
			);
			runOnlyForDeploymentPostprocessing = 0;
		};
/* End PBXFrameworksBuildPhase section */

/* Begin PBXGroup section */
		38A9BD2622701B0B00C6E249 /* src */ = {
			isa = PBXGroup;
			children = (
				38F742EE227034490010A8C9 /* macos_modifier.c */,
				38F742EC2270339B0010A8C9 /* keycode_id.c */,
				38F742EB2270339B0010A8C9 /* keycode.h */,
				38A9BD34227026E400C6E249 /* linux_fromhid.c */,
				38A9BD33227026E400C6E249 /* linux_name.c */,
				38A9BD35227026E500C6E249 /* linux_tohid.c */,
				38A9BD31227026E400C6E249 /* macos_fromhid.c */,
				38A9BD30227026E400C6E249 /* macos_name.c */,
				38A9BD32227026E400C6E249 /* macos_tohid.c */,
				38A9BD2722701B0B00C6E249 /* linux_rawname.c */,
				38A9BD2922701B0B00C6E249 /* macos_rawname.c */,
				38A9BD2B22701B0B00C6E249 /* keytable.h */,
			);
			name = src;
			path = ../../src;
			sourceTree = "<group>";
		};
		38F48EA8226BE3D200C08AE9 = {
			isa = PBXGroup;
			children = (
				38A9BD2622701B0B00C6E249 /* src */,
				38F48EB3226BE3D200C08AE9 /* CocoaTest */,
				38F48EB2226BE3D200C08AE9 /* Products */,
			);
			sourceTree = "<group>";
		};
		38F48EB2226BE3D200C08AE9 /* Products */ = {
			isa = PBXGroup;
			children = (
				38F48EB1226BE3D200C08AE9 /* CocoaTest.app */,
			);
			name = Products;
			sourceTree = "<group>";
		};
		38F48EB3226BE3D200C08AE9 /* CocoaTest */ = {
			isa = PBXGroup;
			children = (
				38F48EBC226BE3D400C08AE9 /* Main.storyboard */,
				38F48EBF226BE3D400C08AE9 /* Info.plist */,
				38F48EC0226BE3D400C08AE9 /* main.m */,
				38F48EC2226BE3D400C08AE9 /* CocoaTest.entitlements */,
			);
			name = CocoaTest;
			sourceTree = "<group>";
		};
/* End PBXGroup section */

/* Begin PBXNativeTarget section */
		38F48EB0226BE3D200C08AE9 /* CocoaTest */ = {
			isa = PBXNativeTarget;
			buildConfigurationList = 38F48EDB226BE3D400C08AE9 /* Build configuration list for PBXNativeTarget "CocoaTest" */;
			buildPhases = (
				38F48EAD226BE3D200C08AE9 /* Sources */,
				38F48EAE226BE3D200C08AE9 /* Frameworks */,
				38F48EAF226BE3D200C08AE9 /* Resources */,
			);
			buildRules = (
			);
			dependencies = (
			);
			name = CocoaTest;
			productName = CocoaTest;
			productReference = 38F48EB1226BE3D200C08AE9 /* CocoaTest.app */;
			productType = "com.apple.product-type.application";
		};
/* End PBXNativeTarget section */

/* Begin PBXProject section */
		38F48EA9226BE3D200C08AE9 /* Project object */ = {
			isa = PBXProject;
			attributes = {
				LastUpgradeCheck = 1020;
				ORGANIZATIONNAME = "Dietrich Epp";
				TargetAttributes = {
					38F48EB0226BE3D200C08AE9 = {
						CreatedOnToolsVersion = 10.2.1;
					};
				};
			};
			buildConfigurationList = 38F48EAC226BE3D200C08AE9 /* Build configuration list for PBXProject "CocoaTest" */;
			compatibilityVersion = "Xcode 9.3";
			developmentRegion = en;
			hasScannedForEncodings = 0;
			knownRegions = (
				en,
				Base,
			);
			mainGroup = 38F48EA8226BE3D200C08AE9;
			productRefGroup = 38F48EB2226BE3D200C08AE9 /* Products */;
			projectDirPath = "";
			projectRoot = "";
			targets = (
				38F48EB0226BE3D200C08AE9 /* CocoaTest */,
			);
		};
/* End PBXProject section */

/* Begin PBXResourcesBuildPhase section */
		38F48EAF226BE3D200C08AE9 /* Resources */ = {
			isa = PBXResourcesBuildPhase;
			buildActionMask = 2147483647;
			files = (
				38F48EBE226BE3D400C08AE9 /* Main.storyboard in Resources */,
			);
			runOnlyForDeploymentPostprocessing = 0;
		};
/* End PBXResourcesBuildPhase section */

/* Begin PBXSourcesBuildPhase section */
		38F48EAD226BE3D200C08AE9 /* Sources */ = {
			isa = PBXSourcesBuildPhase;
			buildActionMask = 2147483647;
			files = (
				38A9BD3A227026E500C6E249 /* linux_fromhid.c in Sources */,
				38F742ED2270339B0010A8C9 /* keycode_id.c in Sources */,
				38A9BD36227026E500C6E249 /* macos_name.c in Sources */,
				38F742EF227034490010A8C9 /* macos_modifier.c in Sources */,
				38A9BD2E22701B0B00C6E249 /* macos_rawname.c in Sources */,
				38A9BD37227026E500C6E249 /* macos_fromhid.c in Sources */,
				38A9BD2C22701B0B00C6E249 /* linux_rawname.c in Sources */,
				38A9BD3B227026E500C6E249 /* linux_tohid.c in Sources */,
				38A9BD38227026E500C6E249 /* macos_tohid.c in Sources */,
				38F48EC1226BE3D400C08AE9 /* main.m in Sources */,
				38A9BD39227026E500C6E249 /* linux_name.c in Sources */,
			);
			runOnlyForDeploymentPostprocessing = 0;
		};
/* End PBXSourcesBuildPhase section */

/* Begin PBXVariantGroup section */
		38F48EBC226BE3D400C08AE9 /* Main.storyboard */ = {
			isa = PBXVariantGroup;
			children = (
				38F48EBD226BE3D400C08AE9 /* Base */,
			);
			name = Main.storyboard;
			sourceTree = "<group>";
		};
/* End PBXVariantGroup section */

/* Begin XCBuildConfiguration section */
		38F48ED9226BE3D400C08AE9 /* Debug */ = {
			isa = XCBuildConfiguration;
			buildSettings = {
				ALWAYS_SEARCH_USER_PATHS = NO;
				CLANG_ANALYZER_NONNULL = YES;
				CLANG_ANALYZER_NUMBER_OBJECT_CONVERSION = YES_AGGRESSIVE;
				CLANG_CXX_LANGUAGE_STANDARD = "gnu++14";
				CLANG_CXX_LIBRARY = "libc++";
				CLANG_ENABLE_MODULES = YES;
				CLANG_ENABLE_OBJC_ARC = YES;
				CLANG_ENABLE_OBJC_WEAK = YES;
				CLANG_WARN_BLOCK_CAPTURE_AUTORELEASING = YES;
				CLANG_WARN_BOOL_CONVERSION = YES;
				CLANG_WARN_COMMA = YES;
				CLANG_WARN_CONSTANT_CONVERSION = YES;
				CLANG_WARN_DEPRECATED_OBJC_IMPLEMENTATIONS = YES;
				CLANG_WARN_DIRECT_OBJC_ISA_USAGE = YES_ERROR;
				CLANG_WARN_DOCUMENTATION_COMMENTS = YES;
				CLANG_WARN_EMPTY_BODY = YES;
				CLANG_WARN_ENUM_CONVERSION = YES;
				CLANG_WARN_INFINITE_RECURSION = YES;
				CLANG_WARN_INT_CONVERSION = YES;
				CLANG_WARN_NON_LITERAL_NULL_CONVERSION = YES;
				CLANG_WARN_OBJC_IMPLICIT_RETAIN_SELF = YES;
				CLANG_WARN_OBJC_LITERAL_CONVERSION = YES;
				CLANG_WARN_OBJC_ROOT_CLASS = YES_ERROR;
				CLANG_WARN_RANGE_LOOP_ANALYSIS = YES;
				CLANG_WARN_STRICT_PROTOTYPES = YES;
				CLANG_WARN_SUSPICIOUS_MOVE = YES;
				CLANG_WARN_UNGUARDED_AVAILABILITY = YES_AGGRESSIVE;
				CLANG_WARN_UNREACHABLE_CODE = YES;
				CLANG_WARN__DUPLICATE_METHOD_MATCH = YES;
				CODE_SIGN_IDENTITY = "-";
				COPY_PHASE_STRIP = NO;
				DEBUG_INFORMATION_FORMAT = dwarf;
				ENABLE_STRICT_OBJC_MSGSEND = YES;
				ENABLE_TESTABILITY = YES;
				GCC_C_LANGUAGE_STANDARD = gnu11;
				GCC_DYNAMIC_NO_PIC = NO;
				GCC_NO_COMMON_BLOCKS = YES;
				GCC_OPTIMIZATION_LEVEL = 0;
				GCC_PREPROCESSOR_DEFINITIONS = (
					"DEBUG=1",
					"$(inherited)",
				);
				GCC_WARN_64_TO_32_BIT_CONVERSION = YES;
				GCC_WARN_ABOUT_RETURN_TYPE = YES_ERROR;
				GCC_WARN_UNDECLARED_SELECTOR = YES;
				GCC_WARN_UNINITIALIZED_AUTOS = YES_AGGRESSIVE;
				GCC_WARN_UNUSED_FUNCTION = YES;
				GCC_WARN_UNUSED_VARIABLE = YES;
				MACOSX_DEPLOYMENT_TARGET = 10.14;
				MTL_ENABLE_DEBUG_INFO = INCLUDE_SOURCE;
				MTL_FAST_MATH = YES;
				ONLY_ACTIVE_ARCH = YES;
				SDKROOT = macosx;
			};
			name = Debug;
		};
		38F48EDA226BE3D400C08AE9 /* Release */ = {
			isa = XCBuildConfiguration;
			buildSettings = {
				ALWAYS_SEARCH_USER_PATHS = NO;
				CLANG_ANALYZER_NONNULL = YES;
				CLANG_ANALYZER_NUMBER_OBJECT_CONVERSION = YES_AGGRESSIVE;
				CLANG_CXX_LANGUAGE_STANDARD = "gnu++14";
				CLANG_CXX_LIBRARY = "libc++";
				CLANG_ENABLE_MODULES = YES;
				CLANG_ENABLE_OBJC_ARC = YES;
				CLANG_ENABLE_OBJC_WEAK = YES;
				CLANG_WARN_BLOCK_CAPTURE_AUTORELEASING = YES;
				CLANG_WARN_BOOL_CONVERSION = YES;
				CLANG_WARN_COMMA = YES;
				CLANG_WARN_CONSTANT_CONVERSION = YES;
				CLANG_WARN_DEPRECATED_OBJC_IMPLEMENTATIONS = YES;
				CLANG_WARN_DIRECT_OBJC_ISA_USAGE = YES_ERROR;
				CLANG_WARN_DOCUMENTATION_COMMENTS = YES;
				CLANG_WARN_EMPTY_BODY = YES;
				CLANG_WARN_ENUM_CONVERSION = YES;
				CLANG_WARN_INFINITE_RECURSION = YES;
				CLANG_WARN_INT_CONVERSION = YES;
				CLANG_WARN_NON_LITERAL_NULL_CONVERSION = YES;
				CLANG_WARN_OBJC_IMPLICIT_RETAIN_SELF = YES;
				CLANG_WARN_OBJC_LITERAL_CONVERSION = YES;
				CLANG_WARN_OBJC_ROOT_CLASS = YES_ERROR;
				CLANG_WARN_RANGE_LOOP_ANALYSIS = YES;
				CLANG_WARN_STRICT_PROTOTYPES = YES;
				CLANG_WARN_SUSPICIOUS_MOVE = YES;
				CLANG_WARN_UNGUARDED_AVAILABILITY = YES_AGGRESSIVE;
				CLANG_WARN_UNREACHABLE_CODE = YES;
				CLANG_WARN__DUPLICATE_METHOD_MATCH = YES;
				CODE_SIGN_IDENTITY = "-";
				COPY_PHASE_STRIP = NO;
				DEBUG_INFORMATION_FORMAT = "dwarf-with-dsym";
				ENABLE_NS_ASSERTIONS = NO;
				ENABLE_STRICT_OBJC_MSGSEND = YES;
				GCC_C_LANGUAGE_STANDARD = gnu11;
				GCC_NO_COMMON_BLOCKS = YES;
				GCC_WARN_64_TO_32_BIT_CONVERSION = YES;
				GCC_WARN_ABOUT_RETURN_TYPE = YES_ERROR;
				GCC_WARN_UNDECLARED_SELECTOR = YES;
				GCC_WARN_UNINITIALIZED_AUTOS = YES_AGGRESSIVE;
				GCC_WARN_UNUSED_FUNCTION = YES;
				GCC_WARN_UNUSED_VARIABLE = YES;
				MACOSX_DEPLOYMENT_TARGET = 10.14;
				MTL_ENABLE_DEBUG_INFO = NO;
				MTL_FAST_MATH = YES;
				SDKROOT = macosx;
			};
			name = Release;
		};
		38F48EDC226BE3D400C08AE9 /* Debug */ = {
			isa = XCBuildConfiguration;
			buildSettings = {
				CODE_SIGN_ENTITLEMENTS = CocoaTest.entitlements;
				CODE_SIGN_STYLE = Automatic;
				COMBINE_HIDPI_IMAGES = YES;
				INFOPLIST_FILE = "$(SRCROOT)/Info.plist";
				LD_RUNPATH_SEARCH_PATHS = (
					"$(inherited)",
					"@executable_path/../Frameworks",
				);
				PRODUCT_BUNDLE_IDENTIFIER = us.moria.CocoaTest;
				PRODUCT_NAME = "$(TARGET_NAME)";
			};
			name = Debug;
		};
		38F48EDD226BE3D400C08AE9 /* Release */ = {
			isa = XCBuildConfiguration;
			buildSettings = {
				CODE_SIGN_ENTITLEMENTS = CocoaTest.entitlements;
				CODE_SIGN_STYLE = Automatic;
				COMBINE_HIDPI_IMAGES = YES;
				INFOPLIST_FILE = "$(SRCROOT)/Info.plist";
				LD_RUNPATH_SEARCH_PATHS = (
					"$(inherited)",
					"@executable_path/../Frameworks",
				);
				PRODUCT_BUNDLE_IDENTIFIER = us.moria.CocoaTest;
				PRODUCT_NAME = "$(TARGET_NAME)";
			};
			name = Release;
		};
/* End XCBuildConfiguration section */

/* Begin XCConfigurationList section */
		38F48EAC226BE3D200C08AE9 /* Build configuration list for PBXProject "CocoaTest" */ = {
			isa = XCConfigurationList;
			buildConfigurations = (
				38F48ED9226BE3D400C08AE9 /* Debug */,
				38F48EDA226BE3D400C08AE9 /* Release */,
			);
			defaultConfigurationIsVisible = 0;
			defaultConfigurationName = Release;
		};
		38F48EDB226BE3D400C08AE9 /* Build configuration list for PBXNativeTarget "CocoaTest" */ = {
			isa = XCConfigurationList;
			buildConfigurations = (
				38F48EDC226BE3D400C08AE9 /* Debug */,
				38F48EDD226BE3D400C08AE9 /* Release */,
			);
			defaultConfigurationIsVisible = 0;
			defaultConfigurationName = Release;
		};
/* End XCConfigurationList section */
	};
	rootObject = 38F48EA9226BE3D200C08AE9 /* Project object */;
}
