
Microsoft Visual Studio Solution File, Format Version 12.00
# Visual Studio 15
VisualStudioVersion = 15.0.27130.2026
MinimumVisualStudioVersion = 10.0.40219.1
Project("{8BC9CEB8-8B4A-11D0-8D11-00A0C91BC942}") = "WindowsExample", "WindowsExample.vcxproj", "{F3360928-5492-408D-88DD-91C17F6CEAAC}"
EndProject
Global
	GlobalSection(SolutionConfigurationPlatforms) = preSolution
		Debug|x64 = Debug|x64
		Debug|x86 = Debug|x86
		Release|x64 = Release|x64
		Release|x86 = Release|x86
	EndGlobalSection
	GlobalSection(ProjectConfigurationPlatforms) = postSolution
		{F3360928-5492-408D-88DD-91C17F6CEAAC}.Debug|x64.ActiveCfg = Debug|x64
		{F3360928-5492-408D-88DD-91C17F6CEAAC}.Debug|x64.Build.0 = Debug|x64
		{F3360928-5492-408D-88DD-91C17F6CEAAC}.Debug|x86.ActiveCfg = Debug|Win32
		{F3360928-5492-408D-88DD-91C17F6CEAAC}.Debug|x86.Build.0 = Debug|Win32
		{F3360928-5492-408D-88DD-91C17F6CEAAC}.Release|x64.ActiveCfg = Release|x64
		{F3360928-5492-408D-88DD-91C17F6CEAAC}.Release|x64.Build.0 = Release|x64
		{F3360928-5492-408D-88DD-91C17F6CEAAC}.Release|x86.ActiveCfg = Release|Win32
		{F3360928-5492-408D-88DD-91C17F6CEAAC}.Release|x86.Build.0 = Release|Win32
	EndGlobalSection
	GlobalSection(SolutionProperties) = preSolution
		HideSolutionNode = FALSE
	EndGlobalSection
	GlobalSection(ExtensibilityGlobals) = postSolution
		SolutionGuid = {3D428B9D-3214-4AA7-BB6A-E4D1B32D2036}
	EndGlobalSection
EndGlobal
